
Microsoft Visual Studio Solution File, Format Version 12.00
# Visual Studio Version 16
VisualStudioVersion = 16.0.29806.167
MinimumVisualStudioVersion = 10.0.40219.1
Project("{9A19103F-16F7-4668-BE54-9A1E7A4F7556}") = "Taxi.Common", "Taxi.Common\Taxi.Common.csproj", "{BD5F1B64-6A77-4F00-8BA4-5CD236A830BC}"
EndProject
Project("{9A19103F-16F7-4668-BE54-9A1E7A4F7556}") = "Taxi.Web", "Taxi.Web\Taxi.Web.csproj", "{D47D8960-16D3-4C18-9A76-EBB67E37EDE2}"
EndProject
Project("{FAE04EC0-301F-11D3-BF4B-00C04F79EFBC}") = "Taxi.Prism", "Taxi.Prism\Taxi.Prism\Taxi.Prism.csproj", "{14014E4A-63D6-4F66-B694-137448B44422}"
EndProject
Project("{FAE04EC0-301F-11D3-BF4B-00C04F79EFBC}") = "Taxi.Prism.Android", "Taxi.Prism\Taxi.Prism.Android\Taxi.Prism.Android.csproj", "{D6565461-9321-493F-9E2C-03C8B538539D}"
EndProject
Project("{FAE04EC0-301F-11D3-BF4B-00C04F79EFBC}") = "Taxi.Prism.iOS", "Taxi.Prism\Taxi.Prism.iOS\Taxi.Prism.iOS.csproj", "{F3C84B8F-6A60-48A4-9908-8D2C3F722001}"
EndProject
Project("{FAE04EC0-301F-11D3-BF4B-00C04F79EFBC}") = "Taxi.Cross.Android", "Taxi.Cross.Android\Taxi.Cross.Android.csproj", "{970ACAE2-BA5B-4174-99B0-4FCC652CFBC6}"
EndProject
Project("{FAE04EC0-301F-11D3-BF4B-00C04F79EFBC}") = "Taxi.Cross.iOS", "Taxi.Cross.iOS\Taxi.Cross.iOS.csproj", "{CAAB90A5-B131-415D-A7AE-7A8496D7DF4A}"
EndProject
Global
	GlobalSection(SolutionConfigurationPlatforms) = preSolution
		Ad-Hoc|Any CPU = Ad-Hoc|Any CPU
		Ad-Hoc|iPhone = Ad-Hoc|iPhone
		Ad-Hoc|iPhoneSimulator = Ad-Hoc|iPhoneSimulator
		AppStore|Any CPU = AppStore|Any CPU
		AppStore|iPhone = AppStore|iPhone
		AppStore|iPhoneSimulator = AppStore|iPhoneSimulator
		Debug|Any CPU = Debug|Any CPU
		Debug|iPhone = Debug|iPhone
		Debug|iPhoneSimulator = Debug|iPhoneSimulator
		Release|Any CPU = Release|Any CPU
		Release|iPhone = Release|iPhone
		Release|iPhoneSimulator = Release|iPhoneSimulator
	EndGlobalSection
	GlobalSection(ProjectConfigurationPlatforms) = postSolution
		{BD5F1B64-6A77-4F00-8BA4-5CD236A830BC}.Ad-Hoc|Any CPU.ActiveCfg = Release|Any CPU
		{BD5F1B64-6A77-4F00-8BA4-5CD236A830BC}.Ad-Hoc|Any CPU.Build.0 = Release|Any CPU
		{BD5F1B64-6A77-4F00-8BA4-5CD236A830BC}.Ad-Hoc|iPhone.ActiveCfg = Release|Any CPU
		{BD5F1B64-6A77-4F00-8BA4-5CD236A830BC}.Ad-Hoc|iPhone.Build.0 = Release|Any CPU
		{BD5F1B64-6A77-4F00-8BA4-5CD236A830BC}.Ad-Hoc|iPhoneSimulator.ActiveCfg = Release|Any CPU
		{BD5F1B64-6A77-4F00-8BA4-5CD236A830BC}.Ad-Hoc|iPhoneSimulator.Build.0 = Release|Any CPU
		{BD5F1B64-6A77-4F00-8BA4-5CD236A830BC}.AppStore|Any CPU.ActiveCfg = Release|Any CPU
		{BD5F1B64-6A77-4F00-8BA4-5CD236A830BC}.AppStore|Any CPU.Build.0 = Release|Any CPU
		{BD5F1B64-6A77-4F00-8BA4-5CD236A830BC}.AppStore|iPhone.ActiveCfg = Release|Any CPU
		{BD5F1B64-6A77-4F00-8BA4-5CD236A830BC}.AppStore|iPhone.Build.0 = Release|Any CPU
		{BD5F1B64-6A77-4F00-8BA4-5CD236A830BC}.AppStore|iPhoneSimulator.ActiveCfg = Release|Any CPU
		{BD5F1B64-6A77-4F00-8BA4-5CD236A830BC}.AppStore|iPhoneSimulator.Build.0 = Release|Any CPU
		{BD5F1B64-6A77-4F00-8BA4-5CD236A830BC}.Debug|Any CPU.ActiveCfg = Debug|Any CPU
		{BD5F1B64-6A77-4F00-8BA4-5CD236A830BC}.Debug|Any CPU.Build.0 = Debug|Any CPU
		{BD5F1B64-6A77-4F00-8BA4-5CD236A830BC}.Debug|iPhone.ActiveCfg = Debug|Any CPU
		{BD5F1B64-6A77-4F00-8BA4-5CD236A830BC}.Debug|iPhone.Build.0 = Debug|Any CPU
		{BD5F1B64-6A77-4F00-8BA4-5CD236A830BC}.Debug|iPhoneSimulator.ActiveCfg = Debug|Any CPU
		{BD5F1B64-6A77-4F00-8BA4-5CD236A830BC}.Debug|iPhoneSimulator.Build.0 = Debug|Any CPU
		{BD5F1B64-6A77-4F00-8BA4-5CD236A830BC}.Release|Any CPU.ActiveCfg = Release|Any CPU
		{BD5F1B64-6A77-4F00-8BA4-5CD236A830BC}.Release|Any CPU.Build.0 = Release|Any CPU
		{BD5F1B64-6A77-4F00-8BA4-5CD236A830BC}.Release|iPhone.ActiveCfg = Release|Any CPU
		{BD5F1B64-6A77-4F00-8BA4-5CD236A830BC}.Release|iPhone.Build.0 = Release|Any CPU
		{BD5F1B64-6A77-4F00-8BA4-5CD236A830BC}.Release|iPhoneSimulator.ActiveCfg = Release|Any CPU
		{BD5F1B64-6A77-4F00-8BA4-5CD236A830BC}.Release|iPhoneSimulator.Build.0 = Release|Any CPU
		{D47D8960-16D3-4C18-9A76-EBB67E37EDE2}.Ad-Hoc|Any CPU.ActiveCfg = Release|Any CPU
		{D47D8960-16D3-4C18-9A76-EBB67E37EDE2}.Ad-Hoc|Any CPU.Build.0 = Release|Any CPU
		{D47D8960-16D3-4C18-9A76-EBB67E37EDE2}.Ad-Hoc|iPhone.ActiveCfg = Release|Any CPU
		{D47D8960-16D3-4C18-9A76-EBB67E37EDE2}.Ad-Hoc|iPhone.Build.0 = Release|Any CPU
		{D47D8960-16D3-4C18-9A76-EBB67E37EDE2}.Ad-Hoc|iPhoneSimulator.ActiveCfg = Release|Any CPU
		{D47D8960-16D3-4C18-9A76-EBB67E37EDE2}.Ad-Hoc|iPhoneSimulator.Build.0 = Release|Any CPU
		{D47D8960-16D3-4C18-9A76-EBB67E37EDE2}.AppStore|Any CPU.ActiveCfg = Release|Any CPU
		{D47D8960-16D3-4C18-9A76-EBB67E37EDE2}.AppStore|Any CPU.Build.0 = Release|Any CPU
		{D47D8960-16D3-4C18-9A76-EBB67E37EDE2}.AppStore|iPhone.ActiveCfg = Release|Any CPU
		{D47D8960-16D3-4C18-9A76-EBB67E37EDE2}.AppStore|iPhone.Build.0 = Release|Any CPU
		{D47D8960-16D3-4C18-9A76-EBB67E37EDE2}.AppStore|iPhoneSimulator.ActiveCfg = Release|Any CPU
		{D47D8960-16D3-4C18-9A76-EBB67E37EDE2}.AppStore|iPhoneSimulator.Build.0 = Release|Any CPU
		{D47D8960-16D3-4C18-9A76-EBB67E37EDE2}.Debug|Any CPU.ActiveCfg = Debug|Any CPU
		{D47D8960-16D3-4C18-9A76-EBB67E37EDE2}.Debug|Any CPU.Build.0 = Debug|Any CPU
		{D47D8960-16D3-4C18-9A76-EBB67E37EDE2}.Debug|iPhone.ActiveCfg = Debug|Any CPU
		{D47D8960-16D3-4C18-9A76-EBB67E37EDE2}.Debug|iPhone.Build.0 = Debug|Any CPU
		{D47D8960-16D3-4C18-9A76-EBB67E37EDE2}.Debug|iPhoneSimulator.ActiveCfg = Debug|Any CPU
		{D47D8960-16D3-4C18-9A76-EBB67E37EDE2}.Debug|iPhoneSimulator.Build.0 = Debug|Any CPU
		{D47D8960-16D3-4C18-9A76-EBB67E37EDE2}.Release|Any CPU.ActiveCfg = Release|Any CPU
		{D47D8960-16D3-4C18-9A76-EBB67E37EDE2}.Release|Any CPU.Build.0 = Release|Any CPU
		{D47D8960-16D3-4C18-9A76-EBB67E37EDE2}.Release|iPhone.ActiveCfg = Release|Any CPU
		{D47D8960-16D3-4C18-9A76-EBB67E37EDE2}.Release|iPhone.Build.0 = Release|Any CPU
		{D47D8960-16D3-4C18-9A76-EBB67E37EDE2}.Release|iPhoneSimulator.ActiveCfg = Release|Any CPU
		{D47D8960-16D3-4C18-9A76-EBB67E37EDE2}.Release|iPhoneSimulator.Build.0 = Release|Any CPU
		{14014E4A-63D6-4F66-B694-137448B44422}.Ad-Hoc|Any CPU.ActiveCfg = Debug|Any CPU
		{14014E4A-63D6-4F66-B694-137448B44422}.Ad-Hoc|Any CPU.Build.0 = Debug|Any CPU
		{14014E4A-63D6-4F66-B694-137448B44422}.Ad-Hoc|iPhone.ActiveCfg = Debug|Any CPU
		{14014E4A-63D6-4F66-B694-137448B44422}.Ad-Hoc|iPhone.Build.0 = Debug|Any CPU
		{14014E4A-63D6-4F66-B694-137448B44422}.Ad-Hoc|iPhoneSimulator.ActiveCfg = Debug|Any CPU
		{14014E4A-63D6-4F66-B694-137448B44422}.Ad-Hoc|iPhoneSimulator.Build.0 = Debug|Any CPU
		{14014E4A-63D6-4F66-B694-137448B44422}.AppStore|Any CPU.ActiveCfg = Debug|Any CPU
		{14014E4A-63D6-4F66-B694-137448B44422}.AppStore|Any CPU.Build.0 = Debug|Any CPU
		{14014E4A-63D6-4F66-B694-137448B44422}.AppStore|iPhone.ActiveCfg = Debug|Any CPU
		{14014E4A-63D6-4F66-B694-137448B44422}.AppStore|iPhone.Build.0 = Debug|Any CPU
		{14014E4A-63D6-4F66-B694-137448B44422}.AppStore|iPhoneSimulator.ActiveCfg = Debug|Any CPU
		{14014E4A-63D6-4F66-B694-137448B44422}.AppStore|iPhoneSimulator.Build.0 = Debug|Any CPU
		{14014E4A-63D6-4F66-B694-137448B44422}.Debug|Any CPU.ActiveCfg = Debug|Any CPU
		{14014E4A-63D6-4F66-B694-137448B44422}.Debug|Any CPU.Build.0 = Debug|Any CPU
		{14014E4A-63D6-4F66-B694-137448B44422}.Debug|iPhone.ActiveCfg = Debug|Any CPU
		{14014E4A-63D6-4F66-B694-137448B44422}.Debug|iPhone.Build.0 = Debug|Any CPU
		{14014E4A-63D6-4F66-B694-137448B44422}.Debug|iPhoneSimulator.ActiveCfg = Debug|Any CPU
		{14014E4A-63D6-4F66-B694-137448B44422}.Debug|iPhoneSimulator.Build.0 = Debug|Any CPU
		{14014E4A-63D6-4F66-B694-137448B44422}.Release|Any CPU.ActiveCfg = Release|Any CPU
		{14014E4A-63D6-4F66-B694-137448B44422}.Release|Any CPU.Build.0 = Release|Any CPU
		{14014E4A-63D6-4F66-B694-137448B44422}.Release|iPhone.ActiveCfg = Release|Any CPU
		{14014E4A-63D6-4F66-B694-137448B44422}.Release|iPhone.Build.0 = Release|Any CPU
		{14014E4A-63D6-4F66-B694-137448B44422}.Release|iPhoneSimulator.ActiveCfg = Release|Any CPU
		{14014E4A-63D6-4F66-B694-137448B44422}.Release|iPhoneSimulator.Build.0 = Release|Any CPU
		{D6565461-9321-493F-9E2C-03C8B538539D}.Ad-Hoc|Any CPU.ActiveCfg = Release|Any CPU
		{D6565461-9321-493F-9E2C-03C8B538539D}.Ad-Hoc|Any CPU.Build.0 = Release|Any CPU
		{D6565461-9321-493F-9E2C-03C8B538539D}.Ad-Hoc|Any CPU.Deploy.0 = Release|Any CPU
		{D6565461-9321-493F-9E2C-03C8B538539D}.Ad-Hoc|iPhone.ActiveCfg = Release|Any CPU
		{D6565461-9321-493F-9E2C-03C8B538539D}.Ad-Hoc|iPhone.Build.0 = Release|Any CPU
		{D6565461-9321-493F-9E2C-03C8B538539D}.Ad-Hoc|iPhone.Deploy.0 = Release|Any CPU
		{D6565461-9321-493F-9E2C-03C8B538539D}.Ad-Hoc|iPhoneSimulator.ActiveCfg = Release|Any CPU
		{D6565461-9321-493F-9E2C-03C8B538539D}.Ad-Hoc|iPhoneSimulator.Build.0 = Release|Any CPU
		{D6565461-9321-493F-9E2C-03C8B538539D}.Ad-Hoc|iPhoneSimulator.Deploy.0 = Release|Any CPU
		{D6565461-9321-493F-9E2C-03C8B538539D}.AppStore|Any CPU.ActiveCfg = Release|Any CPU
		{D6565461-9321-493F-9E2C-03C8B538539D}.AppStore|Any CPU.Build.0 = Release|Any CPU
		{D6565461-9321-493F-9E2C-03C8B538539D}.AppStore|Any CPU.Deploy.0 = Release|Any CPU
		{D6565461-9321-493F-9E2C-03C8B538539D}.AppStore|iPhone.ActiveCfg = Release|Any CPU
		{D6565461-9321-493F-9E2C-03C8B538539D}.AppStore|iPhone.Build.0 = Release|Any CPU
		{D6565461-9321-493F-9E2C-03C8B538539D}.AppStore|iPhone.Deploy.0 = Release|Any CPU
		{D6565461-9321-493F-9E2C-03C8B538539D}.AppStore|iPhoneSimulator.ActiveCfg = Release|Any CPU
		{D6565461-9321-493F-9E2C-03C8B538539D}.AppStore|iPhoneSimulator.Build.0 = Release|Any CPU
		{D6565461-9321-493F-9E2C-03C8B538539D}.AppStore|iPhoneSimulator.Deploy.0 = Release|Any CPU
		{D6565461-9321-493F-9E2C-03C8B538539D}.Debug|Any CPU.ActiveCfg = Debug|Any CPU
		{D6565461-9321-493F-9E2C-03C8B538539D}.Debug|Any CPU.Build.0 = Debug|Any CPU
		{D6565461-9321-493F-9E2C-03C8B538539D}.Debug|Any CPU.Deploy.0 = Debug|Any CPU
		{D6565461-9321-493F-9E2C-03C8B538539D}.Debug|iPhone.ActiveCfg = Debug|Any CPU
		{D6565461-9321-493F-9E2C-03C8B538539D}.Debug|iPhone.Build.0 = Debug|Any CPU
		{D6565461-9321-493F-9E2C-03C8B538539D}.Debug|iPhone.Deploy.0 = Debug|Any CPU
		{D6565461-9321-493F-9E2C-03C8B538539D}.Debug|iPhoneSimulator.ActiveCfg = Debug|Any CPU
		{D6565461-9321-493F-9E2C-03C8B538539D}.Debug|iPhoneSimulator.Build.0 = Debug|Any CPU
		{D6565461-9321-493F-9E2C-03C8B538539D}.Debug|iPhoneSimulator.Deploy.0 = Debug|Any CPU
		{D6565461-9321-493F-9E2C-03C8B538539D}.Release|Any CPU.ActiveCfg = Release|Any CPU
		{D6565461-9321-493F-9E2C-03C8B538539D}.Release|Any CPU.Build.0 = Release|Any CPU
		{D6565461-9321-493F-9E2C-03C8B538539D}.Release|Any CPU.Deploy.0 = Release|Any CPU
		{D6565461-9321-493F-9E2C-03C8B538539D}.Release|iPhone.ActiveCfg = Release|Any CPU
		{D6565461-9321-493F-9E2C-03C8B538539D}.Release|iPhone.Build.0 = Release|Any CPU
		{D6565461-9321-493F-9E2C-03C8B538539D}.Release|iPhone.Deploy.0 = Release|Any CPU
		{D6565461-9321-493F-9E2C-03C8B538539D}.Release|iPhoneSimulator.ActiveCfg = Release|Any CPU
		{D6565461-9321-493F-9E2C-03C8B538539D}.Release|iPhoneSimulator.Build.0 = Release|Any CPU
		{D6565461-9321-493F-9E2C-03C8B538539D}.Release|iPhoneSimulator.Deploy.0 = Release|Any CPU
		{F3C84B8F-6A60-48A4-9908-8D2C3F722001}.Ad-Hoc|Any CPU.ActiveCfg = Ad-Hoc|iPhone
		{F3C84B8F-6A60-48A4-9908-8D2C3F722001}.Ad-Hoc|iPhone.ActiveCfg = Ad-Hoc|iPhone
		{F3C84B8F-6A60-48A4-9908-8D2C3F722001}.Ad-Hoc|iPhone.Build.0 = Ad-Hoc|iPhone
		{F3C84B8F-6A60-48A4-9908-8D2C3F722001}.Ad-Hoc|iPhoneSimulator.ActiveCfg = Ad-Hoc|iPhoneSimulator
		{F3C84B8F-6A60-48A4-9908-8D2C3F722001}.Ad-Hoc|iPhoneSimulator.Build.0 = Ad-Hoc|iPhoneSimulator
		{F3C84B8F-6A60-48A4-9908-8D2C3F722001}.AppStore|Any CPU.ActiveCfg = AppStore|iPhone
		{F3C84B8F-6A60-48A4-9908-8D2C3F722001}.AppStore|iPhone.ActiveCfg = AppStore|iPhone
		{F3C84B8F-6A60-48A4-9908-8D2C3F722001}.AppStore|iPhone.Build.0 = AppStore|iPhone
		{F3C84B8F-6A60-48A4-9908-8D2C3F722001}.AppStore|iPhoneSimulator.ActiveCfg = AppStore|iPhoneSimulator
		{F3C84B8F-6A60-48A4-9908-8D2C3F722001}.AppStore|iPhoneSimulator.Build.0 = AppStore|iPhoneSimulator
		{F3C84B8F-6A60-48A4-9908-8D2C3F722001}.Debug|Any CPU.ActiveCfg = Debug|iPhone
		{F3C84B8F-6A60-48A4-9908-8D2C3F722001}.Debug|iPhone.ActiveCfg = Debug|iPhone
		{F3C84B8F-6A60-48A4-9908-8D2C3F722001}.Debug|iPhone.Build.0 = Debug|iPhone
		{F3C84B8F-6A60-48A4-9908-8D2C3F722001}.Debug|iPhoneSimulator.ActiveCfg = Debug|iPhoneSimulator
		{F3C84B8F-6A60-48A4-9908-8D2C3F722001}.Debug|iPhoneSimulator.Build.0 = Debug|iPhoneSimulator
		{F3C84B8F-6A60-48A4-9908-8D2C3F722001}.Release|Any CPU.ActiveCfg = Release|iPhone
		{F3C84B8F-6A60-48A4-9908-8D2C3F722001}.Release|iPhone.ActiveCfg = Release|iPhone
		{F3C84B8F-6A60-48A4-9908-8D2C3F722001}.Release|iPhone.Build.0 = Release|iPhone
		{F3C84B8F-6A60-48A4-9908-8D2C3F722001}.Release|iPhoneSimulator.ActiveCfg = Release|iPhoneSimulator
		{F3C84B8F-6A60-48A4-9908-8D2C3F722001}.Release|iPhoneSimulator.Build.0 = Release|iPhoneSimulator
		{970ACAE2-BA5B-4174-99B0-4FCC652CFBC6}.Ad-Hoc|Any CPU.ActiveCfg = Release|Any CPU
		{970ACAE2-BA5B-4174-99B0-4FCC652CFBC6}.Ad-Hoc|Any CPU.Build.0 = Release|Any CPU
		{970ACAE2-BA5B-4174-99B0-4FCC652CFBC6}.Ad-Hoc|Any CPU.Deploy.0 = Release|Any CPU
		{970ACAE2-BA5B-4174-99B0-4FCC652CFBC6}.Ad-Hoc|iPhone.ActiveCfg = Release|Any CPU
		{970ACAE2-BA5B-4174-99B0-4FCC652CFBC6}.Ad-Hoc|iPhone.Build.0 = Release|Any CPU
		{970ACAE2-BA5B-4174-99B0-4FCC652CFBC6}.Ad-Hoc|iPhone.Deploy.0 = Release|Any CPU
		{970ACAE2-BA5B-4174-99B0-4FCC652CFBC6}.Ad-Hoc|iPhoneSimulator.ActiveCfg = Release|Any CPU
		{970ACAE2-BA5B-4174-99B0-4FCC652CFBC6}.Ad-Hoc|iPhoneSimulator.Build.0 = Release|Any CPU
		{970ACAE2-BA5B-4174-99B0-4FCC652CFBC6}.Ad-Hoc|iPhoneSimulator.Deploy.0 = Release|Any CPU
		{970ACAE2-BA5B-4174-99B0-4FCC652CFBC6}.AppStore|Any CPU.ActiveCfg = Release|Any CPU
		{970ACAE2-BA5B-4174-99B0-4FCC652CFBC6}.AppStore|Any CPU.Build.0 = Release|Any CPU
		{970ACAE2-BA5B-4174-99B0-4FCC652CFBC6}.AppStore|Any CPU.Deploy.0 = Release|Any CPU
		{970ACAE2-BA5B-4174-99B0-4FCC652CFBC6}.AppStore|iPhone.ActiveCfg = Release|Any CPU
		{970ACAE2-BA5B-4174-99B0-4FCC652CFBC6}.AppStore|iPhone.Build.0 = Release|Any CPU
		{970ACAE2-BA5B-4174-99B0-4FCC652CFBC6}.AppStore|iPhone.Deploy.0 = Release|Any CPU
		{970ACAE2-BA5B-4174-99B0-4FCC652CFBC6}.AppStore|iPhoneSimulator.ActiveCfg = Release|Any CPU
		{970ACAE2-BA5B-4174-99B0-4FCC652CFBC6}.AppStore|iPhoneSimulator.Build.0 = Release|Any CPU
		{970ACAE2-BA5B-4174-99B0-4FCC652CFBC6}.AppStore|iPhoneSimulator.Deploy.0 = Release|Any CPU
		{970ACAE2-BA5B-4174-99B0-4FCC652CFBC6}.Debug|Any CPU.ActiveCfg = Debug|Any CPU
		{970ACAE2-BA5B-4174-99B0-4FCC652CFBC6}.Debug|Any CPU.Build.0 = Debug|Any CPU
		{970ACAE2-BA5B-4174-99B0-4FCC652CFBC6}.Debug|Any CPU.Deploy.0 = Debug|Any CPU
		{970ACAE2-BA5B-4174-99B0-4FCC652CFBC6}.Debug|iPhone.ActiveCfg = Debug|Any CPU
		{970ACAE2-BA5B-4174-99B0-4FCC652CFBC6}.Debug|iPhone.Build.0 = Debug|Any CPU
		{970ACAE2-BA5B-4174-99B0-4FCC652CFBC6}.Debug|iPhone.Deploy.0 = Debug|Any CPU
		{970ACAE2-BA5B-4174-99B0-4FCC652CFBC6}.Debug|iPhoneSimulator.ActiveCfg = Debug|Any CPU
		{970ACAE2-BA5B-4174-99B0-4FCC652CFBC6}.Debug|iPhoneSimulator.Build.0 = Debug|Any CPU
		{970ACAE2-BA5B-4174-99B0-4FCC652CFBC6}.Debug|iPhoneSimulator.Deploy.0 = Debug|Any CPU
		{970ACAE2-BA5B-4174-99B0-4FCC652CFBC6}.Release|Any CPU.ActiveCfg = Release|Any CPU
		{970ACAE2-BA5B-4174-99B0-4FCC652CFBC6}.Release|Any CPU.Build.0 = Release|Any CPU
		{970ACAE2-BA5B-4174-99B0-4FCC652CFBC6}.Release|Any CPU.Deploy.0 = Release|Any CPU
		{970ACAE2-BA5B-4174-99B0-4FCC652CFBC6}.Release|iPhone.ActiveCfg = Release|Any CPU
		{970ACAE2-BA5B-4174-99B0-4FCC652CFBC6}.Release|iPhone.Build.0 = Release|Any CPU
		{970ACAE2-BA5B-4174-99B0-4FCC652CFBC6}.Release|iPhone.Deploy.0 = Release|Any CPU
		{970ACAE2-BA5B-4174-99B0-4FCC652CFBC6}.Release|iPhoneSimulator.ActiveCfg = Release|Any CPU
		{970ACAE2-BA5B-4174-99B0-4FCC652CFBC6}.Release|iPhoneSimulator.Build.0 = Release|Any CPU
		{970ACAE2-BA5B-4174-99B0-4FCC652CFBC6}.Release|iPhoneSimulator.Deploy.0 = Release|Any CPU
		{CAAB90A5-B131-415D-A7AE-7A8496D7DF4A}.Ad-Hoc|Any CPU.ActiveCfg = Release|iPhone
		{CAAB90A5-B131-415D-A7AE-7A8496D7DF4A}.Ad-Hoc|Any CPU.Build.0 = Release|iPhone
		{CAAB90A5-B131-415D-A7AE-7A8496D7DF4A}.Ad-Hoc|iPhone.ActiveCfg = Release|iPhone
		{CAAB90A5-B131-415D-A7AE-7A8496D7DF4A}.Ad-Hoc|iPhone.Build.0 = Release|iPhone
		{CAAB90A5-B131-415D-A7AE-7A8496D7DF4A}.Ad-Hoc|iPhoneSimulator.ActiveCfg = Release|iPhoneSimulator
		{CAAB90A5-B131-415D-A7AE-7A8496D7DF4A}.Ad-Hoc|iPhoneSimulator.Build.0 = Release|iPhoneSimulator
		{CAAB90A5-B131-415D-A7AE-7A8496D7DF4A}.AppStore|Any CPU.ActiveCfg = Release|iPhone
		{CAAB90A5-B131-415D-A7AE-7A8496D7DF4A}.AppStore|Any CPU.Build.0 = Release|iPhone
		{CAAB90A5-B131-415D-A7AE-7A8496D7DF4A}.AppStore|iPhone.ActiveCfg = Release|iPhone
		{CAAB90A5-B131-415D-A7AE-7A8496D7DF4A}.AppStore|iPhone.Build.0 = Release|iPhone
		{CAAB90A5-B131-415D-A7AE-7A8496D7DF4A}.AppStore|iPhoneSimulator.ActiveCfg = Release|iPhoneSimulator
		{CAAB90A5-B131-415D-A7AE-7A8496D7DF4A}.AppStore|iPhoneSimulator.Build.0 = Release|iPhoneSimulator
		{CAAB90A5-B131-415D-A7AE-7A8496D7DF4A}.Debug|Any CPU.ActiveCfg = Debug|iPhone
		{CAAB90A5-B131-415D-A7AE-7A8496D7DF4A}.Debug|iPhone.ActiveCfg = Debug|iPhone
		{CAAB90A5-B131-415D-A7AE-7A8496D7DF4A}.Debug|iPhone.Build.0 = Debug|iPhone
		{CAAB90A5-B131-415D-A7AE-7A8496D7DF4A}.Debug|iPhoneSimulator.ActiveCfg = Debug|iPhoneSimulator
		{CAAB90A5-B131-415D-A7AE-7A8496D7DF4A}.Debug|iPhoneSimulator.Build.0 = Debug|iPhoneSimulator
		{CAAB90A5-B131-415D-A7AE-7A8496D7DF4A}.Release|Any CPU.ActiveCfg = Release|iPhone
		{CAAB90A5-B131-415D-A7AE-7A8496D7DF4A}.Release|iPhone.ActiveCfg = Release|iPhone
		{CAAB90A5-B131-415D-A7AE-7A8496D7DF4A}.Release|iPhone.Build.0 = Release|iPhone
		{CAAB90A5-B131-415D-A7AE-7A8496D7DF4A}.Release|iPhoneSimulator.ActiveCfg = Release|iPhoneSimulator
		{CAAB90A5-B131-415D-A7AE-7A8496D7DF4A}.Release|iPhoneSimulator.Build.0 = Release|iPhoneSimulator
	EndGlobalSection
	GlobalSection(SolutionProperties) = preSolution
		HideSolutionNode = FALSE
	EndGlobalSection
	GlobalSection(ExtensibilityGlobals) = postSolution
		SolutionGuid = {A592507A-FB6F-48B2-8CFA-DEF33BA16C55}
	EndGlobalSection
EndGlobal
